// !$*UTF8*$!
{
	archiveVersion = 1;
	classes = {
	};
	objectVersion = 110;
	objects = {

/* Begin PBXBuildFile section */
		ABC01100000000000000000F /* andrei.PerformanceHUD.PowerHelper in Embed Power Helper */ = {isa = PBXBuildFile; fileRef = ABC011000000000000000001 /* andrei.PerformanceHUD.PowerHelper */; settings = {ATTRIBUTES = (CodeSignOnCopy, ); }; };
		ABC011000000000000000010 /* PowerHelper/andrei.PerformanceHUD.PowerHelper.plist in Embed Helper Registration */ = {isa = PBXBuildFile; fileRef = ABC01100000000000000000E /* PowerHelper/andrei.PerformanceHUD.PowerHelper.plist */; };
/* End PBXBuildFile section */

/* Begin PBXContainerItemProxy section */
		ABC01100000000000000000A /* PBXContainerItemProxy */ = {
			isa = PBXContainerItemProxy;
			containerPortal = 7578F8B9305B60D300CA190B /* Project object */;
			proxyType = 1;
			remoteGlobalIDString = ABC011000000000000000002;
			remoteInfo = PowerHelper;
		};
/* End PBXContainerItemProxy section */

/* Begin PBXCopyFilesBuildPhase section */
		ABC01100000000000000000C /* Embed Power Helper */ = {
			isa = PBXCopyFilesBuildPhase;
			dstPath = "";
			dstSubfolder = Executables;
			files = (
				ABC01100000000000000000F /* andrei.PerformanceHUD.PowerHelper in Embed Power Helper */,
			);
			name = "Embed Power Helper";
		};
		ABC01100000000000000000D /* Embed Helper Registration */ = {
			isa = PBXCopyFilesBuildPhase;
			dstPath = Contents/Library/LaunchDaemons;
			dstSubfolder = Wrapper;
			files = (
				ABC011000000000000000010 /* PowerHelper/andrei.PerformanceHUD.PowerHelper.plist in Embed Helper Registration */,
			);
			name = "Embed Helper Registration";
		};
/* End PBXCopyFilesBuildPhase section */

/* Begin PBXFileReference section */
		7578F8C1305B60D300CA190B /* PerformanceHUD.app */ = {isa = PBXFileReference; explicitFileType = wrapper.application; includeInIndex = 0; path = PerformanceHUD.app; sourceTree = BUILT_PRODUCTS_DIR; };
		ABC011000000000000000001 /* andrei.PerformanceHUD.PowerHelper */ = {isa = PBXFileReference; explicitFileType = "compiled.mach-o.executable"; includeInIndex = 0; path = andrei.PerformanceHUD.PowerHelper; sourceTree = BUILT_PRODUCTS_DIR; };
		ABC01100000000000000000E /* PowerHelper/andrei.PerformanceHUD.PowerHelper.plist */ = {isa = PBXFileReference; lastKnownFileType = text.plist.xml; path = PowerHelper/andrei.PerformanceHUD.PowerHelper.plist; sourceTree = SOURCE_ROOT; };
/* End PBXFileReference section */

/* Begin PBXFileSystemSynchronizedRootGroup section */
		7578F8C3305B60D300CA190B /* PerformanceHUD */ = {
			isa = PBXFileSystemSynchronizedRootGroup;
			path = PerformanceHUD;
			sourceTree = "<group>";
		};
		ABC011000000000000000008 /* PowerHelperShared */ = {
			isa = PBXFileSystemSynchronizedRootGroup;
			path = PowerHelperShared;
			sourceTree = "<group>";
		};
		ABC011000000000000000009 /* PowerHelper */ = {
			isa = PBXFileSystemSynchronizedRootGroup;
			path = PowerHelper;
			sourceTree = "<group>";
		};
/* End PBXFileSystemSynchronizedRootGroup section */

/* Begin PBXFrameworksBuildPhase section */
		7578F8BE305B60D300CA190B /* Frameworks */ = {
			isa = PBXFrameworksBuildPhase;
			files = (
			);
		};
		ABC011000000000000000004 /* Frameworks */ = {
			isa = PBXFrameworksBuildPhase;
			files = (
			);
		};
/* End PBXFrameworksBuildPhase section */

/* Begin PBXGroup section */
		7578F8B8305B60D300CA190B = {
			isa = PBXGroup;
			children = (
				7578F8C3305B60D300CA190B /* PerformanceHUD */,
				ABC011000000000000000008 /* PowerHelperShared */,
				ABC011000000000000000009 /* PowerHelper */,
				ABC01100000000000000000E /* PowerHelper/andrei.PerformanceHUD.PowerHelper.plist */,
				7578F8C2305B60D300CA190B /* Products */,
			);
			sourceTree = "<group>";
		};
		7578F8C2305B60D300CA190B /* Products */ = {
			isa = PBXGroup;
			children = (
				7578F8C1305B60D300CA190B /* PerformanceHUD.app */,
				ABC011000000000000000001 /* andrei.PerformanceHUD.PowerHelper */,
			);
			name = Products;
			sourceTree = "<group>";
		};
/* End PBXGroup section */

/* Begin PBXNativeTarget section */
		7578F8C0305B60D300CA190B /* PerformanceHUD */ = {
			isa = PBXNativeTarget;
			buildConfigurationList = 7578F8CC305B60D400CA190B /* Build configuration list for PBXNativeTarget "PerformanceHUD" */;
			buildPhases = (
				7578F8BD305B60D300CA190B /* Sources */,
				7578F8BE305B60D300CA190B /* Frameworks */,
				7578F8BF305B60D300CA190B /* Resources */,
				ABC01100000000000000000C /* Embed Power Helper */,
				ABC01100000000000000000D /* Embed Helper Registration */,
			);
			buildRules = (
			);
			dependencies = (
				ABC01100000000000000000B /* PBXTargetDependency */,
			);
			fileSystemSynchronizedGroups = (
				7578F8C3305B60D300CA190B /* PerformanceHUD */,
				ABC011000000000000000008 /* PowerHelperShared */,
			);
			name = PerformanceHUD;
			productName = PerformanceHUD;
			productReference = 7578F8C1305B60D300CA190B /* PerformanceHUD.app */;
			productType = "com.apple.product-type.application";
		};
		ABC011000000000000000002 /* PowerHelper */ = {
			isa = PBXNativeTarget;
			buildConfigurationList = ABC011000000000000000005 /* Build configuration list for PBXNativeTarget "PowerHelper" */;
			buildPhases = (
				ABC011000000000000000003 /* Sources */,
				ABC011000000000000000004 /* Frameworks */,
			);
			buildRules = (
			);
			fileSystemSynchronizedGroups = (
				ABC011000000000000000008 /* PowerHelperShared */,
				ABC011000000000000000009 /* PowerHelper */,
			);
			name = PowerHelper;
			productName = andrei.PerformanceHUD.PowerHelper;
			productReference = ABC011000000000000000001 /* andrei.PerformanceHUD.PowerHelper */;
			productType = "com.apple.product-type.tool";
		};
/* End PBXNativeTarget section */

/* Begin PBXProject section */
		7578F8B9305B60D300CA190B /* Project object */ = {
			isa = PBXProject;
			attributes = {
				BuildIndependentTargetsInParallel = 1;
				LastSwiftUpdateCheck = 2700;
				LastUpgradeCheck = 2700;
				TargetAttributes = {
					7578F8C0305B60D300CA190B = {
						CreatedOnToolsVersion = 27.0;
					};
				};
			};
			buildConfigurationList = 7578F8BC305B60D300CA190B /* Build configuration list for PBXProject "PerformanceHUD" */;
			developmentRegion = en;
			hasScannedForEncodings = 0;
			knownRegions = (
				en,
				Base,
			);
			mainGroup = 7578F8B8305B60D300CA190B;
			minimizedProjectReferenceProxies = 1;
			preferredProjectObjectVersion = 77;
			productRefGroup = 7578F8C2305B60D300CA190B /* Products */;
			projectDirPath = "";
			projectRoot = "";
			targets = (
				ABC011000000000000000002 /* PowerHelper */,
				7578F8C0305B60D300CA190B /* PerformanceHUD */,
			);
		};
/* End PBXProject section */

/* Begin PBXResourcesBuildPhase section */
		7578F8BF305B60D300CA190B /* Resources */ = {
			isa = PBXResourcesBuildPhase;
			files = (
			);
		};
/* End PBXResourcesBuildPhase section */

/* Begin PBXSourcesBuildPhase section */
		7578F8BD305B60D300CA190B /* Sources */ = {
			isa = PBXSourcesBuildPhase;
			files = (
			);
		};
		ABC011000000000000000003 /* Sources */ = {
			isa = PBXSourcesBuildPhase;
			files = (
			);
		};
/* End PBXSourcesBuildPhase section */

/* Begin PBXTargetDependency section */
		ABC01100000000000000000B /* PBXTargetDependency */ = {
			isa = PBXTargetDependency;
			target = ABC011000000000000000002 /* PowerHelper */;
			targetProxy = ABC01100000000000000000A /* PBXContainerItemProxy */;
		};
/* End PBXTargetDependency section */

/* Begin XCBuildConfiguration section */
		7578F8CA305B60D400CA190B /* Debug configuration for PBXProject "PerformanceHUD" */ = {
			isa = XCBuildConfiguration;
			buildSettings = {
				ALWAYS_SEARCH_USER_PATHS = NO;
				ASSETCATALOG_COMPILER_GENERATE_SWIFT_ASSET_SYMBOL_EXTENSIONS = YES;
				CLANG_ANALYZER_NONNULL = YES;
				CLANG_ANALYZER_NUMBER_OBJECT_CONVERSION = YES_AGGRESSIVE;
				CLANG_CXX_LANGUAGE_STANDARD = "gnu++20";
				CLANG_ENABLE_MODULES = YES;
				CLANG_ENABLE_OBJC_ARC = YES;
				CLANG_ENABLE_OBJC_WEAK = YES;
				CLANG_WARN_BLOCK_CAPTURE_AUTORELEASING = YES;
				CLANG_WARN_BOOL_CONVERSION = YES;
				CLANG_WARN_COMMA = YES;
				CLANG_WARN_CONSTANT_CONVERSION = YES;
				CLANG_WARN_DEPRECATED_OBJC_IMPLEMENTATIONS = YES;
				CLANG_WARN_DIRECT_OBJC_ISA_USAGE = YES_ERROR;
				CLANG_WARN_DOCUMENTATION_COMMENTS = YES;
				CLANG_WARN_EMPTY_BODY = YES;
				CLANG_WARN_ENUM_CONVERSION = YES;
				CLANG_WARN_INFINITE_RECURSION = YES;
				CLANG_WARN_INT_CONVERSION = YES;
				CLANG_WARN_NON_LITERAL_NULL_CONVERSION = YES;
				CLANG_WARN_OBJC_IMPLICIT_RETAIN_SELF = YES;
				CLANG_WARN_OBJC_LITERAL_CONVERSION = YES;
				CLANG_WARN_OBJC_ROOT_CLASS = YES_ERROR;
				CLANG_WARN_QUOTED_INCLUDE_IN_FRAMEWORK_HEADER = YES;
				CLANG_WARN_RANGE_LOOP_ANALYSIS = YES;
				CLANG_WARN_STRICT_PROTOTYPES = YES;
				CLANG_WARN_SUSPICIOUS_MOVE = YES;
				CLANG_WARN_UNGUARDED_AVAILABILITY = YES_AGGRESSIVE;
				CLANG_WARN_UNREACHABLE_CODE = YES;
				CLANG_WARN__DUPLICATE_METHOD_MATCH = YES;
				COPY_PHASE_STRIP = NO;
				DEBUG_INFORMATION_FORMAT = dwarf;
				ENABLE_STRICT_OBJC_MSGSEND = YES;
				ENABLE_TESTABILITY = YES;
				ENABLE_USER_SCRIPT_SANDBOXING = YES;
				GCC_C_LANGUAGE_STANDARD = gnu17;
				GCC_DYNAMIC_NO_PIC = NO;
				GCC_NO_COMMON_BLOCKS = YES;
				GCC_OPTIMIZATION_LEVEL = 0;
				GCC_PREPROCESSOR_DEFINITIONS = (
					"DEBUG=1",
					"$(inherited)",
				);
				GCC_WARN_64_TO_32_BIT_CONVERSION = YES;
				GCC_WARN_ABOUT_RETURN_TYPE = YES_ERROR;
				GCC_WARN_UNDECLARED_SELECTOR = YES;
				GCC_WARN_UNINITIALIZED_AUTOS = YES_AGGRESSIVE;
				GCC_WARN_UNUSED_FUNCTION = YES;
				GCC_WARN_UNUSED_VARIABLE = YES;
				LOCALIZATION_PREFERS_STRING_CATALOGS = YES;
				MACOSX_DEPLOYMENT_TARGET = 27.0;
				MTL_ENABLE_DEBUG_INFO = INCLUDE_SOURCE;
				MTL_FAST_MATH = YES;
				ONLY_ACTIVE_ARCH = YES;
				SDKROOT = macosx;
				SWIFT_ACTIVE_COMPILATION_CONDITIONS = "DEBUG $(inherited)";
				SWIFT_OPTIMIZATION_LEVEL = "-Onone";
			};
			name = Debug;
		};
		7578F8CB305B60D400CA190B /* Release configuration for PBXProject "PerformanceHUD" */ = {
			isa = XCBuildConfiguration;
			buildSettings = {
				ALWAYS_SEARCH_USER_PATHS = NO;
				ASSETCATALOG_COMPILER_GENERATE_SWIFT_ASSET_SYMBOL_EXTENSIONS = YES;
				CLANG_ANALYZER_NONNULL = YES;
				CLANG_ANALYZER_NUMBER_OBJECT_CONVERSION = YES_AGGRESSIVE;
				CLANG_CXX_LANGUAGE_STANDARD = "gnu++20";
				CLANG_ENABLE_MODULES = YES;
				CLANG_ENABLE_OBJC_ARC = YES;
				CLANG_ENABLE_OBJC_WEAK = YES;
				CLANG_WARN_BLOCK_CAPTURE_AUTORELEASING = YES;
				CLANG_WARN_BOOL_CONVERSION = YES;
				CLANG_WARN_COMMA = YES;
				CLANG_WARN_CONSTANT_CONVERSION = YES;
				CLANG_WARN_DEPRECATED_OBJC_IMPLEMENTATIONS = YES;
				CLANG_WARN_DIRECT_OBJC_ISA_USAGE = YES_ERROR;
				CLANG_WARN_DOCUMENTATION_COMMENTS = YES;
				CLANG_WARN_EMPTY_BODY = YES;
				CLANG_WARN_ENUM_CONVERSION = YES;
				CLANG_WARN_INFINITE_RECURSION = YES;
				CLANG_WARN_INT_CONVERSION = YES;
				CLANG_WARN_NON_LITERAL_NULL_CONVERSION = YES;
				CLANG_WARN_OBJC_IMPLICIT_RETAIN_SELF = YES;
				CLANG_WARN_OBJC_LITERAL_CONVERSION = YES;
				CLANG_WARN_OBJC_ROOT_CLASS = YES_ERROR;
				CLANG_WARN_QUOTED_INCLUDE_IN_FRAMEWORK_HEADER = YES;
				CLANG_WARN_RANGE_LOOP_ANALYSIS = YES;
				CLANG_WARN_STRICT_PROTOTYPES = YES;
				CLANG_WARN_SUSPICIOUS_MOVE = YES;
				CLANG_WARN_UNGUARDED_AVAILABILITY = YES_AGGRESSIVE;
				CLANG_WARN_UNREACHABLE_CODE = YES;
				CLANG_WARN__DUPLICATE_METHOD_MATCH = YES;
				COPY_PHASE_STRIP = NO;
				DEBUG_INFORMATION_FORMAT = "dwarf-with-dsym";
				ENABLE_NS_ASSERTIONS = NO;
				ENABLE_STRICT_OBJC_MSGSEND = YES;
				ENABLE_USER_SCRIPT_SANDBOXING = YES;
				GCC_C_LANGUAGE_STANDARD = gnu17;
				GCC_NO_COMMON_BLOCKS = YES;
				GCC_WARN_64_TO_32_BIT_CONVERSION = YES;
				GCC_WARN_ABOUT_RETURN_TYPE = YES_ERROR;
				GCC_WARN_UNDECLARED_SELECTOR = YES;
				GCC_WARN_UNINITIALIZED_AUTOS = YES_AGGRESSIVE;
				GCC_WARN_UNUSED_FUNCTION = YES;
				GCC_WARN_UNUSED_VARIABLE = YES;
				LOCALIZATION_PREFERS_STRING_CATALOGS = YES;
				MACOSX_DEPLOYMENT_TARGET = 27.0;
				MTL_ENABLE_DEBUG_INFO = NO;
				MTL_FAST_MATH = YES;
				SDKROOT = macosx;
				SWIFT_COMPILATION_MODE = wholemodule;
			};
			name = Release;
		};
		7578F8CD305B60D400CA190B /* Debug configuration for PBXNativeTarget "PerformanceHUD" */ = {
			isa = XCBuildConfiguration;
			buildSettings = {
				ASSETCATALOG_COMPILER_APPICON_NAME = AppIcon;
				ASSETCATALOG_COMPILER_GLOBAL_ACCENT_COLOR_NAME = AccentColor;
				"CODE_SIGN_IDENTITY[sdk=macosx*]" = "Apple Development";
				CODE_SIGN_STYLE = Automatic;
				COMBINE_HIDPI_IMAGES = YES;
				CURRENT_PROJECT_VERSION = 1;
				DEVELOPMENT_TEAM = K2XC57573H;
				ENABLE_APP_SANDBOX = NO;
				ENABLE_PREVIEWS = YES;
				GENERATE_INFOPLIST_FILE = YES;
				INFOPLIST_KEY_LSApplicationCategoryType = "public.app-category.utilities";
				INFOPLIST_KEY_NSHumanReadableCopyright = "";
				INFOPLIST_KEY_NSScreenCaptureUsageDescription = "PerformanceHUD uses the area behind the HUD to draw its custom glass background. Frames stay in memory and are not recorded or saved.";
				LD_RUNPATH_SEARCH_PATHS = (
					"$(inherited)",
					"@executable_path/../Frameworks",
				);
				MARKETING_VERSION = 1.1;
				PRODUCT_BUNDLE_IDENTIFIER = andrei.PerformanceHUD;
				PRODUCT_NAME = "$(TARGET_NAME)";
				REGISTER_APP_GROUPS = YES;
				STRING_CATALOG_GENERATE_SYMBOLS = YES;
				SWIFT_APPROACHABLE_CONCURRENCY = YES;
				SWIFT_DEFAULT_ACTOR_ISOLATION = MainActor;
				SWIFT_EMIT_LOC_STRINGS = YES;
				SWIFT_UPCOMING_FEATURE_MEMBER_IMPORT_VISIBILITY = YES;
				SWIFT_VERSION = 5.0;
			};
			name = Debug;
		};
		7578F8CE305B60D400CA190B /* Release configuration for PBXNativeTarget "PerformanceHUD" */ = {
			isa = XCBuildConfiguration;
			buildSettings = {
				ASSETCATALOG_COMPILER_APPICON_NAME = AppIcon;
				ASSETCATALOG_COMPILER_GLOBAL_ACCENT_COLOR_NAME = AccentColor;
				"CODE_SIGN_IDENTITY[sdk=macosx*]" = "Apple Development";
				CODE_SIGN_STYLE = Automatic;
				COMBINE_HIDPI_IMAGES = YES;
				CURRENT_PROJECT_VERSION = 1;
				DEVELOPMENT_TEAM = K2XC57573H;
				ENABLE_APP_SANDBOX = NO;
				ENABLE_PREVIEWS = YES;
				GENERATE_INFOPLIST_FILE = YES;
				INFOPLIST_KEY_LSApplicationCategoryType = "public.app-category.utilities";
				INFOPLIST_KEY_NSHumanReadableCopyright = "";
				INFOPLIST_KEY_NSScreenCaptureUsageDescription = "PerformanceHUD uses the area behind the HUD to draw its custom glass background. Frames stay in memory and are not recorded or saved.";
				LD_RUNPATH_SEARCH_PATHS = (
					"$(inherited)",
					"@executable_path/../Frameworks",
				);
				MARKETING_VERSION = 1.1;
				PRODUCT_BUNDLE_IDENTIFIER = andrei.PerformanceHUD;
				PRODUCT_NAME = "$(TARGET_NAME)";
				REGISTER_APP_GROUPS = YES;
				STRING_CATALOG_GENERATE_SYMBOLS = YES;
				SWIFT_APPROACHABLE_CONCURRENCY = YES;
				SWIFT_DEFAULT_ACTOR_ISOLATION = MainActor;
				SWIFT_EMIT_LOC_STRINGS = YES;
				SWIFT_UPCOMING_FEATURE_MEMBER_IMPORT_VISIBILITY = YES;
				SWIFT_VERSION = 5.0;
			};
			name = Release;
		};
		ABC011000000000000000006 /* Debug configuration for PBXNativeTarget "PowerHelper" */ = {
			isa = XCBuildConfiguration;
			buildSettings = {
				CODE_SIGN_IDENTITY = "Apple Development";
				CODE_SIGN_STYLE = Automatic;
				DEVELOPMENT_TEAM = K2XC57573H;
				ENABLE_HARDENED_RUNTIME = YES;
				MACOSX_DEPLOYMENT_TARGET = 27.0;
				OTHER_CODE_SIGN_FLAGS = "--identifier andrei.PerformanceHUD.PowerHelper";
				PRODUCT_BUNDLE_IDENTIFIER = andrei.PerformanceHUD.PowerHelper;
				PRODUCT_NAME = andrei.PerformanceHUD.PowerHelper;
				SKIP_INSTALL = YES;
				SWIFT_STRICT_CONCURRENCY = minimal;
				SWIFT_VERSION = 5.0;
			};
			name = Debug;
		};
		ABC011000000000000000007 /* Release configuration for PBXNativeTarget "PowerHelper" */ = {
			isa = XCBuildConfiguration;
			buildSettings = {
				CODE_SIGN_IDENTITY = "Apple Development";
				CODE_SIGN_STYLE = Automatic;
				DEVELOPMENT_TEAM = K2XC57573H;
				ENABLE_HARDENED_RUNTIME = YES;
				MACOSX_DEPLOYMENT_TARGET = 27.0;
				OTHER_CODE_SIGN_FLAGS = "--identifier andrei.PerformanceHUD.PowerHelper";
				PRODUCT_BUNDLE_IDENTIFIER = andrei.PerformanceHUD.PowerHelper;
				PRODUCT_NAME = andrei.PerformanceHUD.PowerHelper;
				SKIP_INSTALL = YES;
				SWIFT_STRICT_CONCURRENCY = minimal;
				SWIFT_VERSION = 5.0;
			};
			name = Release;
		};
/* End XCBuildConfiguration section */

/* Begin XCConfigurationList section */
		7578F8BC305B60D300CA190B /* Build configuration list for PBXProject "PerformanceHUD" */ = {
			isa = XCConfigurationList;
			buildConfigurations = (
				7578F8CA305B60D400CA190B /* Debug configuration for PBXProject "PerformanceHUD" */,
				7578F8CB305B60D400CA190B /* Release configuration for PBXProject "PerformanceHUD" */,
			);
			defaultConfigurationName = Release;
		};
		7578F8CC305B60D400CA190B /* Build configuration list for PBXNativeTarget "PerformanceHUD" */ = {
			isa = XCConfigurationList;
			buildConfigurations = (
				7578F8CD305B60D400CA190B /* Debug configuration for PBXNativeTarget "PerformanceHUD" */,
				7578F8CE305B60D400CA190B /* Release configuration for PBXNativeTarget "PerformanceHUD" */,
			);
			defaultConfigurationName = Release;
		};
		ABC011000000000000000005 /* Build configuration list for PBXNativeTarget "PowerHelper" */ = {
			isa = XCConfigurationList;
			buildConfigurations = (
				ABC011000000000000000006 /* Debug configuration for PBXNativeTarget "PowerHelper" */,
				ABC011000000000000000007 /* Release configuration for PBXNativeTarget "PowerHelper" */,
			);
			defaultConfigurationName = Release;
		};
/* End XCConfigurationList section */
	};
	rootObject = 7578F8B9305B60D300CA190B /* Project object */;
	validationLevel = 1;
}
